
Microsoft Visual Studio Solution File, Format Version 12.00
# Visual Studio 15
VisualStudioVersion = 15.0.26730.8
MinimumVisualStudioVersion = 10.0.40219.1
Project("{FAE04EC0-301F-11D3-BF4B-00C04F79EFBC}") = "DesireListApplicationv1", "DesireListApplicationv1\DesireListApplicationv1.csproj", "{32097A01-B17B-433C-BFA1-49B76ABE5C0E}"
EndProject
Global
	GlobalSection(SolutionConfigurationPlatforms) = preSolution
		Debug|Any CPU = Debug|Any CPU
		Release|Any CPU = Release|Any CPU
	EndGlobalSection
	GlobalSection(ProjectConfigurationPlatforms) = postSolution
		{32097A01-B17B-433C-BFA1-49B76ABE5C0E}.Debug|Any CPU.ActiveCfg = Debug|Any CPU
		{32097A01-B17B-433C-BFA1-49B76ABE5C0E}.Debug|Any CPU.Build.0 = Debug|Any CPU
		{32097A01-B17B-433C-BFA1-49B76ABE5C0E}.Release|Any CPU.ActiveCfg = Release|Any CPU
		{32097A01-B17B-433C-BFA1-49B76ABE5C0E}.Release|Any CPU.Build.0 = Release|Any CPU
	EndGlobalSection
	GlobalSection(SolutionProperties) = preSolution
		HideSolutionNode = FALSE
	EndGlobalSection
	GlobalSection(ExtensibilityGlobals) = postSolution
		SolutionGuid = {7AEE3D65-9EF6-42E9-8778-03FFE702443C}
	EndGlobalSection
EndGlobal
